
Microsoft Visual Studio Solution File, Format Version 11.00
# Visual Studio 2010
Project("{FAE04EC0-301F-11D3-BF4B-00C04F79EFBC}") = "gameUpdate", "Assembly-CSharp.csproj", "{917CB561-C116-30C1-E116-57366E7DF925}"
EndProject
Project("{FAE04EC0-301F-11D3-BF4B-00C04F79EFBC}") = "gameUpdate", "Assembly-CSharp-Editor.csproj", "{1BFB4C2A-C54B-BCAF-4631-43FE4EAADD47}"
EndProject
Global
	GlobalSection(SolutionConfigurationPlatforms) = preSolution
		Debug|Any CPU = Debug|Any CPU
		Release|Any CPU = Release|Any CPU
	EndGlobalSection
	GlobalSection(ProjectConfigurationPlatforms) = postSolution
		{917CB561-C116-30C1-E116-57366E7DF925}.Debug|Any CPU.ActiveCfg = Debug|Any CPU
		{917CB561-C116-30C1-E116-57366E7DF925}.Debug|Any CPU.Build.0 = Debug|Any CPU
		{917CB561-C116-30C1-E116-57366E7DF925}.Release|Any CPU.ActiveCfg = Release|Any CPU
		{917CB561-C116-30C1-E116-57366E7DF925}.Release|Any CPU.Build.0 = Release|Any CPU
		{1BFB4C2A-C54B-BCAF-4631-43FE4EAADD47}.Debug|Any CPU.ActiveCfg = Debug|Any CPU
		{1BFB4C2A-C54B-BCAF-4631-43FE4EAADD47}.Debug|Any CPU.Build.0 = Debug|Any CPU
		{1BFB4C2A-C54B-BCAF-4631-43FE4EAADD47}.Release|Any CPU.ActiveCfg = Release|Any CPU
		{1BFB4C2A-C54B-BCAF-4631-43FE4EAADD47}.Release|Any CPU.Build.0 = Release|Any CPU
	EndGlobalSection
	GlobalSection(SolutionProperties) = preSolution
		HideSolutionNode = FALSE
	EndGlobalSection
	GlobalSection(MonoDevelopProperties) = preSolution
		StartupItem = Assembly-CSharp.csproj
	EndGlobalSection
EndGlobal
