
Microsoft Visual Studio Solution File, Format Version 12.00
# Visual Studio 2017
Project("{FAE04EC0-301F-11D3-BF4B-00C04F79EFBC}") = "gameUpdate", "gameUpdate.csproj", "{813442EC-D45E-05BB-847B-4A8BF9F357F3}"
EndProject
Project("{FAE04EC0-301F-11D3-BF4B-00C04F79EFBC}") = "gameUpdate.Editor", "gameUpdate.Editor.csproj", "{0699A4C6-3514-FCDF-4BB2-EE43E80E75E4}"
EndProject
Global
	GlobalSection(SolutionConfigurationPlatforms) = preSolution
		Debug|Any CPU = Debug|Any CPU
		Release|Any CPU = Release|Any CPU
	EndGlobalSection
	GlobalSection(ProjectConfigurationPlatforms) = postSolution
		{813442EC-D45E-05BB-847B-4A8BF9F357F3}.Debug|Any CPU.ActiveCfg = Debug|Any CPU
		{813442EC-D45E-05BB-847B-4A8BF9F357F3}.Debug|Any CPU.Build.0 = Debug|Any CPU
		{813442EC-D45E-05BB-847B-4A8BF9F357F3}.Release|Any CPU.ActiveCfg = Release|Any CPU
		{813442EC-D45E-05BB-847B-4A8BF9F357F3}.Release|Any CPU.Build.0 = Release|Any CPU
		{0699A4C6-3514-FCDF-4BB2-EE43E80E75E4}.Debug|Any CPU.ActiveCfg = Debug|Any CPU
		{0699A4C6-3514-FCDF-4BB2-EE43E80E75E4}.Debug|Any CPU.Build.0 = Debug|Any CPU
		{0699A4C6-3514-FCDF-4BB2-EE43E80E75E4}.Release|Any CPU.ActiveCfg = Release|Any CPU
		{0699A4C6-3514-FCDF-4BB2-EE43E80E75E4}.Release|Any CPU.Build.0 = Release|Any CPU
	EndGlobalSection
	GlobalSection(SolutionProperties) = preSolution
		HideSolutionNode = FALSE
	EndGlobalSection
EndGlobal
